lockfileVersion: '9.0'

settings:
  autoInstallPeers: true
  excludeLinksFromLockfile: false

importers:

  .:
    dependencies:
      ccxt:
        specifier: ^4.5.33
        version: 4.5.33

packages:

  ccxt@4.5.33:
    resolution: {integrity: sha512-0Owx2NUuSgtRHeHurvgtkUnSHuzZ/pURSTd44aMKSDJJbz6Xav2kjrTBhl4oFytQ+utuewdzTgmHnaxPWvt78A==}
    engines: {node: '>=15.0.0'}

  ws@8.19.0:
    resolution: {integrity: sha512-blAT2mjOEIi0ZzruJfIhb3nps74PRWTCz1IjglWEEpQl5XS/UNama6u2/rjFkDDouqr4L67ry+1aGIALViWjDg==}
    engines: {node: '>=10.0.0'}
    peerDependencies:
      bufferutil: ^4.0.1
      utf-8-validate: '>=5.0.2'
    peerDependenciesMeta:
      bufferutil:
        optional: true
      utf-8-validate:
        optional: true

snapshots:

  ccxt@4.5.33:
    dependencies:
      ws: 8.19.0
    transitivePeerDependencies:
      - bufferutil
      - utf-8-validate

  ws@8.19.0: {}
