lockfileVersion: '9.0'

settings:
  autoInstallPeers: true
  excludeLinksFromLockfile: false

importers:

  .:
    dependencies:
      ccxt:
        specifier: ^4.5.30
        version: 4.5.30

packages:

  ccxt@4.5.30:
    resolution: {integrity: sha512-cG1O08G2jYLHO7F7KrY0oeb0WYFNsbSKT99xFUR9pS6lohC+ZzlnFuPcMF2QwMUu7on6c0scAArHg9jyNwrEdg==}
    engines: {node: '>=15.0.0'}

  ws@8.18.3:
    resolution: {integrity: sha512-PEIGCY5tSlUt50cqyMXfCzX+oOPqN0vuGqWzbcJ2xvnkzkq46oOpz7dQaTDBdfICb4N14+GARUDw2XV2N4tvzg==}
    engines: {node: '>=10.0.0'}
    peerDependencies:
      bufferutil: ^4.0.1
      utf-8-validate: '>=5.0.2'
    peerDependenciesMeta:
      bufferutil:
        optional: true
      utf-8-validate:
        optional: true

snapshots:

  ccxt@4.5.30:
    dependencies:
      ws: 8.18.3
    transitivePeerDependencies:
      - bufferutil
      - utf-8-validate

  ws@8.18.3: {}
